
Microsoft Visual Studio Solution File, Format Version 12.00
# Visual Studio Version 16
VisualStudioVersion = 16.0.810.22
MinimumVisualStudioVersion = 10.0.40219.1
Project("{FAE04EC0-301F-11D3-BF4B-00C04F79EFBC}") = "Barberos_21310438", "Barberos_21310438\Barberos_21310438.csproj", "{45A44886-6344-4877-9309-34868A90E189}"
EndProject
Global
	GlobalSection(SolutionConfigurationPlatforms) = preSolution
		Debug|anycpu = Debug|anycpu
		Release|anycpu = Release|anycpu
	EndGlobalSection
	GlobalSection(ProjectConfigurationPlatforms) = postSolution
		{45A44886-6344-4877-9309-34868A90E189}.Debug|anycpu.ActiveCfg = Debug|anycpu
		{45A44886-6344-4877-9309-34868A90E189}.Debug|anycpu.Build.0 = Debug|anycpu
		{45A44886-6344-4877-9309-34868A90E189}.Release|anycpu.ActiveCfg = Release|anycpu
		{45A44886-6344-4877-9309-34868A90E189}.Release|anycpu.Build.0 = Release|anycpu
	EndGlobalSection
	GlobalSection(SolutionProperties) = preSolution
		HideSolutionNode = FALSE
	EndGlobalSection
	GlobalSection(ExtensibilityGlobals) = postSolution
		SolutionGuid = {7E7EA565-3BA4-472F-A751-0BEE75DB07DD}
	EndGlobalSection
EndGlobal
